// !$*UTF8*$!
{
	archiveVersion = 1;
	classes = {
	};
	objectVersion = 46;
	objects = {

/* Begin PBXBuildFile section */
		94E61F9E19E2729B009DDF39 /* AppDelegate.swift in Sources */ = {isa = PBXBuildFile; fileRef = 94E61F9D19E2729B009DDF39 /* AppDelegate.swift */; };
		94E61FA019E2729B009DDF39 /* ViewController.swift in Sources */ = {isa = PBXBuildFile; fileRef = 94E61F9F19E2729B009DDF39 /* ViewController.swift */; };
		94E61FA319E2729B009DDF39 /* Main.storyboard in Resources */ = {isa = PBXBuildFile; fileRef = 94E61FA119E2729B009DDF39 /* Main.storyboard */; };
		94E61FA519E2729B009DDF39 /* Images.xcassets in Resources */ = {isa = PBXBuildFile; fileRef = 94E61FA419E2729B009DDF39 /* Images.xcassets */; };
		94E61FA819E2729B009DDF39 /* LaunchScreen.xib in Resources */ = {isa = PBXBuildFile; fileRef = 94E61FA619E2729B009DDF39 /* LaunchScreen.xib */; };
		94E61FB419E2729B009DDF39 /* AppiraterTests.swift in Sources */ = {isa = PBXBuildFile; fileRef = 94E61FB319E2729B009DDF39 /* AppiraterTests.swift */; };
		94E6205419E29ACE009DDF39 /* .gitignore in Resources */ = {isa = PBXBuildFile; fileRef = 94E6202C19E29ACE009DDF39 /* .gitignore */; };
		94E6205519E29ACE009DDF39 /* Appirater.m in Sources */ = {isa = PBXBuildFile; fileRef = 94E6202E19E29ACE009DDF39 /* Appirater.m */; };
		94E6205619E29ACE009DDF39 /* Appirater.podspec.json in Resources */ = {isa = PBXBuildFile; fileRef = 94E6202F19E29ACE009DDF39 /* Appirater.podspec.json */; };
		94E6205719E29ACE009DDF39 /* AppiraterLocalizable.strings in Resources */ = {isa = PBXBuildFile; fileRef = 94E6203119E29ACE009DDF39 /* AppiraterLocalizable.strings */; };
		94E6205819E29ACE009DDF39 /* CHANGELOG.md in Sources */ = {isa = PBXBuildFile; fileRef = 94E6203419E29ACE009DDF39 /* CHANGELOG.md */; };
		94E6205919E29ACE009DDF39 /* README.md in Sources */ = {isa = PBXBuildFile; fileRef = 94E6204919E29ACE009DDF39 /* README.md */; };
		94E6205B19E29B0A009DDF39 /* StoreKit.framework in Frameworks */ = {isa = PBXBuildFile; fileRef = 94E6205A19E29B0A009DDF39 /* StoreKit.framework */; settings = {ATTRIBUTES = (Weak, ); }; };
		94E6205D19E29B11009DDF39 /* CFNetwork.framework in Frameworks */ = {isa = PBXBuildFile; fileRef = 94E6205C19E29B11009DDF39 /* CFNetwork.framework */; };
		94E6205F19E29B1C009DDF39 /* SystemConfiguration.framework in Frameworks */ = {isa = PBXBuildFile; fileRef = 94E6205E19E29B1C009DDF39 /* SystemConfiguration.framework */; };
/* End PBXBuildFile section */

/* Begin PBXContainerItemProxy section */
		94E61FAE19E2729B009DDF39 /* PBXContainerItemProxy */ = {
			isa = PBXContainerItemProxy;
			containerPortal = 94E61F9019E2729A009DDF39 /* Project object */;
			proxyType = 1;
			remoteGlobalIDString = 94E61F9719E2729B009DDF39;
			remoteInfo = Appirater;
		};
/* End PBXContainerItemProxy section */

/* Begin PBXFileReference section */
		94E61F9819E2729B009DDF39 /* Appirater.app */ = {isa = PBXFileReference; explicitFileType = wrapper.application; includeInIndex = 0; path = Appirater.app; sourceTree = BUILT_PRODUCTS_DIR; };
		94E61F9C19E2729B009DDF39 /* Info.plist */ = {isa = PBXFileReference; lastKnownFileType = text.plist.xml; path = Info.plist; sourceTree = "<group>"; };
		94E61F9D19E2729B009DDF39 /* AppDelegate.swift */ = {isa = PBXFileReference; lastKnownFileType = sourcecode.swift; path = AppDelegate.swift; sourceTree = "<group>"; };
		94E61F9F19E2729B009DDF39 /* ViewController.swift */ = {isa = PBXFileReference; lastKnownFileType = sourcecode.swift; path = ViewController.swift; sourceTree = "<group>"; };
		94E61FA219E2729B009DDF39 /* Base */ = {isa = PBXFileReference; lastKnownFileType = file.storyboard; name = Base; path = Base.lproj/Main.storyboard; sourceTree = "<group>"; };
		94E61FA419E2729B009DDF39 /* Images.xcassets */ = {isa = PBXFileReference; lastKnownFileType = folder.assetcatalog; path = Images.xcassets; sourceTree = "<group>"; };
		94E61FA719E2729B009DDF39 /* Base */ = {isa = PBXFileReference; lastKnownFileType = file.xib; name = Base; path = Base.lproj/LaunchScreen.xib; sourceTree = "<group>"; };
		94E61FAD19E2729B009DDF39 /* AppiraterTests.xctest */ = {isa = PBXFileReference; explicitFileType = wrapper.cfbundle; includeInIndex = 0; path = AppiraterTests.xctest; sourceTree = BUILT_PRODUCTS_DIR; };
		94E61FB219E2729B009DDF39 /* Info.plist */ = {isa = PBXFileReference; lastKnownFileType = text.plist.xml; path = Info.plist; sourceTree = "<group>"; };
		94E61FB319E2729B009DDF39 /* AppiraterTests.swift */ = {isa = PBXFileReference; lastKnownFileType = sourcecode.swift; path = AppiraterTests.swift; sourceTree = "<group>"; };
		94E6202719E29AA1009DDF39 /* Appirater-Bridging-Header.h */ = {isa = PBXFileReference; lastKnownFileType = sourcecode.c.h; path = "Appirater-Bridging-Header.h"; sourceTree = "<group>"; };
		94E6202C19E29ACE009DDF39 /* .gitignore */ = {isa = PBXFileReference; fileEncoding = 4; lastKnownFileType = text; path = .gitignore; sourceTree = "<group>"; };
		94E6202D19E29ACE009DDF39 /* Appirater.h */ = {isa = PBXFileReference; fileEncoding = 4; lastKnownFileType = sourcecode.c.h; path = Appirater.h; sourceTree = "<group>"; };
		94E6202E19E29ACE009DDF39 /* Appirater.m */ = {isa = PBXFileReference; fileEncoding = 4; lastKnownFileType = sourcecode.c.objc; path = Appirater.m; sourceTree = "<group>"; };
		94E6202F19E29ACE009DDF39 /* Appirater.podspec.json */ = {isa = PBXFileReference; fileEncoding = 4; lastKnownFileType = text.json; path = Appirater.podspec.json; sourceTree = "<group>"; };
		94E6203019E29ACE009DDF39 /* AppiraterDelegate.h */ = {isa = PBXFileReference; fileEncoding = 4; lastKnownFileType = sourcecode.c.h; path = AppiraterDelegate.h; sourceTree = "<group>"; };
		94E6203219E29ACE009DDF39 /* ar */ = {isa = PBXFileReference; lastKnownFileType = text.plist.strings; name = ar; path = ar.lproj/AppiraterLocalizable.strings; sourceTree = "<group>"; };
		94E6203319E29ACE009DDF39 /* ca */ = {isa = PBXFileReference; lastKnownFileType = text.plist.strings; name = ca; path = ca.lproj/AppiraterLocalizable.strings; sourceTree = "<group>"; };
		94E6203419E29ACE009DDF39 /* CHANGELOG.md */ = {isa = PBXFileReference; fileEncoding = 4; lastKnownFileType = net.daringfireball.markdown; path = CHANGELOG.md; sourceTree = "<group>"; };
		94E6203519E29ACE009DDF39 /* cs */ = {isa = PBXFileReference; lastKnownFileType = text.plist.strings; name = cs; path = cs.lproj/AppiraterLocalizable.strings; sourceTree = "<group>"; };
		94E6203619E29ACE009DDF39 /* da */ = {isa = PBXFileReference; lastKnownFileType = text.plist.strings; name = da; path = da.lproj/AppiraterLocalizable.strings; sourceTree = "<group>"; };
		94E6203719E29ACE009DDF39 /* de */ = {isa = PBXFileReference; lastKnownFileType = text.plist.strings; name = de; path = de.lproj/AppiraterLocalizable.strings; sourceTree = "<group>"; };
		94E6203819E29ACE009DDF39 /* el */ = {isa = PBXFileReference; lastKnownFileType = text.plist.strings; name = el; path = el.lproj/AppiraterLocalizable.strings; sourceTree = "<group>"; };
		94E6203919E29ACE009DDF39 /* en */ = {isa = PBXFileReference; lastKnownFileType = text.plist.strings; name = en; path = en.lproj/AppiraterLocalizable.strings; sourceTree = "<group>"; };
		94E6203A19E29ACE009DDF39 /* es */ = {isa = PBXFileReference; lastKnownFileType = text.plist.strings; name = es; path = es.lproj/AppiraterLocalizable.strings; sourceTree = "<group>"; };
		94E6203B19E29ACE009DDF39 /* fi */ = {isa = PBXFileReference; lastKnownFileType = text.plist.strings; name = fi; path = fi.lproj/AppiraterLocalizable.strings; sourceTree = "<group>"; };
		94E6203C19E29ACE009DDF39 /* fr */ = {isa = PBXFileReference; lastKnownFileType = text.plist.strings; name = fr; path = fr.lproj/AppiraterLocalizable.strings; sourceTree = "<group>"; };
		94E6203D19E29ACE009DDF39 /* he */ = {isa = PBXFileReference; lastKnownFileType = text.plist.strings; name = he; path = he.lproj/AppiraterLocalizable.strings; sourceTree = "<group>"; };
		94E6203E19E29ACE009DDF39 /* hu */ = {isa = PBXFileReference; lastKnownFileType = text.plist.strings; name = hu; path = hu.lproj/AppiraterLocalizable.strings; sourceTree = "<group>"; };
		94E6203F19E29ACE009DDF39 /* id */ = {isa = PBXFileReference; lastKnownFileType = text.plist.strings; name = id; path = id.lproj/AppiraterLocalizable.strings; sourceTree = "<group>"; };
		94E6204019E29ACE009DDF39 /* it */ = {isa = PBXFileReference; lastKnownFileType = text.plist.strings; name = it; path = it.lproj/AppiraterLocalizable.strings; sourceTree = "<group>"; };
		94E6204119E29ACE009DDF39 /* ja */ = {isa = PBXFileReference; lastKnownFileType = text.plist.strings; name = ja; path = ja.lproj/AppiraterLocalizable.strings; sourceTree = "<group>"; };
		94E6204219E29ACE009DDF39 /* ko */ = {isa = PBXFileReference; lastKnownFileType = text.plist.strings; name = ko; path = ko.lproj/AppiraterLocalizable.strings; sourceTree = "<group>"; };
		94E6204319E29ACE009DDF39 /* ms */ = {isa = PBXFileReference; lastKnownFileType = text.plist.strings; name = ms; path = ms.lproj/AppiraterLocalizable.strings; sourceTree = "<group>"; };
		94E6204419E29ACE009DDF39 /* nb */ = {isa = PBXFileReference; lastKnownFileType = text.plist.strings; name = nb; path = nb.lproj/AppiraterLocalizable.strings; sourceTree = "<group>"; };
		94E6204519E29ACE009DDF39 /* nl */ = {isa = PBXFileReference; lastKnownFileType = text.plist.strings; name = nl; path = nl.lproj/AppiraterLocalizable.strings; sourceTree = "<group>"; };
		94E6204619E29ACE009DDF39 /* pl */ = {isa = PBXFileReference; lastKnownFileType = text.plist.strings; name = pl; path = pl.lproj/AppiraterLocalizable.strings; sourceTree = "<group>"; };
		94E6204719E29ACE009DDF39 /* pt-BR */ = {isa = PBXFileReference; lastKnownFileType = text.plist.strings; name = "pt-BR"; path = "pt-BR.lproj/AppiraterLocalizable.strings"; sourceTree = "<group>"; };
		94E6204819E29ACE009DDF39 /* pt */ = {isa = PBXFileReference; lastKnownFileType = text.plist.strings; name = pt; path = pt.lproj/AppiraterLocalizable.strings; sourceTree = "<group>"; };
		94E6204919E29ACE009DDF39 /* README.md */ = {isa = PBXFileReference; fileEncoding = 4; lastKnownFileType = net.daringfireball.markdown; path = README.md; sourceTree = "<group>"; };
		94E6204A19E29ACE009DDF39 /* ro */ = {isa = PBXFileReference; lastKnownFileType = text.plist.strings; name = ro; path = ro.lproj/AppiraterLocalizable.strings; sourceTree = "<group>"; };
		94E6204B19E29ACE009DDF39 /* ru */ = {isa = PBXFileReference; lastKnownFileType = text.plist.strings; name = ru; path = ru.lproj/AppiraterLocalizable.strings; sourceTree = "<group>"; };
		94E6204C19E29ACE009DDF39 /* sk */ = {isa = PBXFileReference; lastKnownFileType = text.plist.strings; name = sk; path = sk.lproj/AppiraterLocalizable.strings; sourceTree = "<group>"; };
		94E6204D19E29ACE009DDF39 /* sv */ = {isa = PBXFileReference; lastKnownFileType = text.plist.strings; name = sv; path = sv.lproj/AppiraterLocalizable.strings; sourceTree = "<group>"; };
		94E6204E19E29ACE009DDF39 /* th */ = {isa = PBXFileReference; lastKnownFileType = text.plist.strings; name = th; path = th.lproj/AppiraterLocalizable.strings; sourceTree = "<group>"; };
		94E6204F19E29ACE009DDF39 /* tr */ = {isa = PBXFileReference; lastKnownFileType = text.plist.strings; name = tr; path = tr.lproj/AppiraterLocalizable.strings; sourceTree = "<group>"; };
		94E6205019E29ACE009DDF39 /* uk */ = {isa = PBXFileReference; lastKnownFileType = text.plist.strings; name = uk; path = uk.lproj/AppiraterLocalizable.strings; sourceTree = "<group>"; };
		94E6205119E29ACE009DDF39 /* vi */ = {isa = PBXFileReference; lastKnownFileType = text.plist.strings; name = vi; path = vi.lproj/AppiraterLocalizable.strings; sourceTree = "<group>"; };
		94E6205219E29ACE009DDF39 /* zh-Hans */ = {isa = PBXFileReference; lastKnownFileType = text.plist.strings; name = "zh-Hans"; path = "zh-Hans.lproj/AppiraterLocalizable.strings"; sourceTree = "<group>"; };
		94E6205319E29ACE009DDF39 /* zh-Hant */ = {isa = PBXFileReference; lastKnownFileType = text.plist.strings; name = "zh-Hant"; path = "zh-Hant.lproj/AppiraterLocalizable.strings"; sourceTree = "<group>"; };
		94E6205A19E29B0A009DDF39 /* StoreKit.framework */ = {isa = PBXFileReference; lastKnownFileType = wrapper.framework; name = StoreKit.framework; path = System/Library/Frameworks/StoreKit.framework; sourceTree = SDKROOT; };
		94E6205C19E29B11009DDF39 /* CFNetwork.framework */ = {isa = PBXFileReference; lastKnownFileType = wrapper.framework; name = CFNetwork.framework; path = System/Library/Frameworks/CFNetwork.framework; sourceTree = SDKROOT; };
		94E6205E19E29B1C009DDF39 /* SystemConfiguration.framework */ = {isa = PBXFileReference; lastKnownFileType = wrapper.framework; name = SystemConfiguration.framework; path = System/Library/Frameworks/SystemConfiguration.framework; sourceTree = SDKROOT; };
/* End PBXFileReference section */

/* Begin PBXFrameworksBuildPhase section */
		94E61F9519E2729B009DDF39 /* Frameworks */ = {
			isa = PBXFrameworksBuildPhase;
			buildActionMask = 2147483647;
			files = (
				94E6205F19E29B1C009DDF39 /* SystemConfiguration.framework in Frameworks */,
				94E6205D19E29B11009DDF39 /* CFNetwork.framework in Frameworks */,
				94E6205B19E29B0A009DDF39 /* StoreKit.framework in Frameworks */,
			);
			runOnlyForDeploymentPostprocessing = 0;
		};
		94E61FAA19E2729B009DDF39 /* Frameworks */ = {
			isa = PBXFrameworksBuildPhase;
			buildActionMask = 2147483647;
			files = (
			);
			runOnlyForDeploymentPostprocessing = 0;
		};
/* End PBXFrameworksBuildPhase section */

/* Begin PBXGroup section */
		94E61F8F19E2729A009DDF39 = {
			isa = PBXGroup;
			children = (
				94E6205E19E29B1C009DDF39 /* SystemConfiguration.framework */,
				94E6205C19E29B11009DDF39 /* CFNetwork.framework */,
				94E6205A19E29B0A009DDF39 /* StoreKit.framework */,
				94E61F9A19E2729B009DDF39 /* Appirater */,
				94E61FB019E2729B009DDF39 /* AppiraterTests */,
				94E61F9919E2729B009DDF39 /* Products */,
				94E6202719E29AA1009DDF39 /* Appirater-Bridging-Header.h */,
			);
			sourceTree = "<group>";
		};
		94E61F9919E2729B009DDF39 /* Products */ = {
			isa = PBXGroup;
			children = (
				94E61F9819E2729B009DDF39 /* Appirater.app */,
				94E61FAD19E2729B009DDF39 /* AppiraterTests.xctest */,
			);
			name = Products;
			sourceTree = "<group>";
		};
		94E61F9A19E2729B009DDF39 /* Appirater */ = {
			isa = PBXGroup;
			children = (
				94E61F9D19E2729B009DDF39 /* AppDelegate.swift */,
				94E61F9F19E2729B009DDF39 /* ViewController.swift */,
				94E61FA119E2729B009DDF39 /* Main.storyboard */,
				94E61FA419E2729B009DDF39 /* Images.xcassets */,
				94E61FA619E2729B009DDF39 /* LaunchScreen.xib */,
				94E61F9B19E2729B009DDF39 /* Supporting Files */,
			);
			path = Appirater;
			sourceTree = "<group>";
		};
		94E61F9B19E2729B009DDF39 /* Supporting Files */ = {
			isa = PBXGroup;
			children = (
				94E6202B19E29ACE009DDF39 /* appirater-master */,
				94E61F9C19E2729B009DDF39 /* Info.plist */,
			);
			name = "Supporting Files";
			sourceTree = "<group>";
		};
		94E61FB019E2729B009DDF39 /* AppiraterTests */ = {
			isa = PBXGroup;
			children = (
				94E61FB319E2729B009DDF39 /* AppiraterTests.swift */,
				94E61FB119E2729B009DDF39 /* Supporting Files */,
			);
			path = AppiraterTests;
			sourceTree = "<group>";
		};
		94E61FB119E2729B009DDF39 /* Supporting Files */ = {
			isa = PBXGroup;
			children = (
				94E61FB219E2729B009DDF39 /* Info.plist */,
			);
			name = "Supporting Files";
			sourceTree = "<group>";
		};
		94E6202B19E29ACE009DDF39 /* appirater-master */ = {
			isa = PBXGroup;
			children = (
				94E6202C19E29ACE009DDF39 /* .gitignore */,
				94E6202D19E29ACE009DDF39 /* Appirater.h */,
				94E6202E19E29ACE009DDF39 /* Appirater.m */,
				94E6202F19E29ACE009DDF39 /* Appirater.podspec.json */,
				94E6203019E29ACE009DDF39 /* AppiraterDelegate.h */,
				94E6203119E29ACE009DDF39 /* AppiraterLocalizable.strings */,
				94E6203419E29ACE009DDF39 /* CHANGELOG.md */,
				94E6204919E29ACE009DDF39 /* README.md */,
			);
			path = "appirater-master";
			sourceTree = "<group>";
		};
/* End PBXGroup section */

/* Begin PBXNativeTarget section */
		94E61F9719E2729B009DDF39 /* Appirater */ = {
			isa = PBXNativeTarget;
			buildConfigurationList = 94E61FB719E2729B009DDF39 /* Build configuration list for PBXNativeTarget "Appirater" */;
			buildPhases = (
				94E61F9419E2729B009DDF39 /* Sources */,
				94E61F9519E2729B009DDF39 /* Frameworks */,
				94E61F9619E2729B009DDF39 /* Resources */,
			);
			buildRules = (
			);
			dependencies = (
			);
			name = Appirater;
			productName = Appirater;
			productReference = 94E61F9819E2729B009DDF39 /* Appirater.app */;
			productType = "com.apple.product-type.application";
		};
		94E61FAC19E2729B009DDF39 /* AppiraterTests */ = {
			isa = PBXNativeTarget;
			buildConfigurationList = 94E61FBA19E2729B009DDF39 /* Build configuration list for PBXNativeTarget "AppiraterTests" */;
			buildPhases = (
				94E61FA919E2729B009DDF39 /* Sources */,
				94E61FAA19E2729B009DDF39 /* Frameworks */,
				94E61FAB19E2729B009DDF39 /* Resources */,
			);
			buildRules = (
			);
			dependencies = (
				94E61FAF19E2729B009DDF39 /* PBXTargetDependency */,
			);
			name = AppiraterTests;
			productName = AppiraterTests;
			productReference = 94E61FAD19E2729B009DDF39 /* AppiraterTests.xctest */;
			productType = "com.apple.product-type.bundle.unit-test";
		};
/* End PBXNativeTarget section */

/* Begin PBXProject section */
		94E61F9019E2729A009DDF39 /* Project object */ = {
			isa = PBXProject;
			attributes = {
				LastUpgradeCheck = 0600;
				ORGANIZATIONNAME = Seemu;
				TargetAttributes = {
					94E61F9719E2729B009DDF39 = {
						CreatedOnToolsVersion = 6.0;
					};
					94E61FAC19E2729B009DDF39 = {
						CreatedOnToolsVersion = 6.0;
						TestTargetID = 94E61F9719E2729B009DDF39;
					};
				};
			};
			buildConfigurationList = 94E61F9319E2729A009DDF39 /* Build configuration list for PBXProject "Appirater" */;
			compatibilityVersion = "Xcode 3.2";
			developmentRegion = English;
			hasScannedForEncodings = 0;
			knownRegions = (
				en,
				Base,
				ar,
				ca,
				cs,
				da,
				de,
				el,
				es,
				fi,
				fr,
				he,
				hu,
				id,
				it,
				ja,
				ko,
				ms,
				nb,
				nl,
				pl,
				"pt-BR",
				pt,
				ro,
				ru,
				sk,
				sv,
				th,
				tr,
				uk,
				vi,
				"zh-Hans",
				"zh-Hant",
			);
			mainGroup = 94E61F8F19E2729A009DDF39;
			productRefGroup = 94E61F9919E2729B009DDF39 /* Products */;
			projectDirPath = "";
			projectRoot = "";
			targets = (
				94E61F9719E2729B009DDF39 /* Appirater */,
				94E61FAC19E2729B009DDF39 /* AppiraterTests */,
			);
		};
/* End PBXProject section */

/* Begin PBXResourcesBuildPhase section */
		94E61F9619E2729B009DDF39 /* Resources */ = {
			isa = PBXResourcesBuildPhase;
			buildActionMask = 2147483647;
			files = (
				94E6205419E29ACE009DDF39 /* .gitignore in Resources */,
				94E61FA319E2729B009DDF39 /* Main.storyboard in Resources */,
				94E6205719E29ACE009DDF39 /* AppiraterLocalizable.strings in Resources */,
				94E61FA819E2729B009DDF39 /* LaunchScreen.xib in Resources */,
				94E6205619E29ACE009DDF39 /* Appirater.podspec.json in Resources */,
				94E61FA519E2729B009DDF39 /* Images.xcassets in Resources */,
			);
			runOnlyForDeploymentPostprocessing = 0;
		};
		94E61FAB19E2729B009DDF39 /* Resources */ = {
			isa = PBXResourcesBuildPhase;
			buildActionMask = 2147483647;
			files = (
			);
			runOnlyForDeploymentPostprocessing = 0;
		};
/* End PBXResourcesBuildPhase section */

/* Begin PBXSourcesBuildPhase section */
		94E61F9419E2729B009DDF39 /* Sources */ = {
			isa = PBXSourcesBuildPhase;
			buildActionMask = 2147483647;
			files = (
				94E6205519E29ACE009DDF39 /* Appirater.m in Sources */,
				94E61FA019E2729B009DDF39 /* ViewController.swift in Sources */,
				94E6205919E29ACE009DDF39 /* README.md in Sources */,
				94E61F9E19E2729B009DDF39 /* AppDelegate.swift in Sources */,
				94E6205819E29ACE009DDF39 /* CHANGELOG.md in Sources */,
			);
			runOnlyForDeploymentPostprocessing = 0;
		};
		94E61FA919E2729B009DDF39 /* Sources */ = {
			isa = PBXSourcesBuildPhase;
			buildActionMask = 2147483647;
			files = (
				94E61FB419E2729B009DDF39 /* AppiraterTests.swift in Sources */,
			);
			runOnlyForDeploymentPostprocessing = 0;
		};
/* End PBXSourcesBuildPhase section */

/* Begin PBXTargetDependency section */
		94E61FAF19E2729B009DDF39 /* PBXTargetDependency */ = {
			isa = PBXTargetDependency;
			target = 94E61F9719E2729B009DDF39 /* Appirater */;
			targetProxy = 94E61FAE19E2729B009DDF39 /* PBXContainerItemProxy */;
		};
/* End PBXTargetDependency section */

/* Begin PBXVariantGroup section */
		94E61FA119E2729B009DDF39 /* Main.storyboard */ = {
			isa = PBXVariantGroup;
			children = (
				94E61FA219E2729B009DDF39 /* Base */,
			);
			name = Main.storyboard;
			sourceTree = "<group>";
		};
		94E61FA619E2729B009DDF39 /* LaunchScreen.xib */ = {
			isa = PBXVariantGroup;
			children = (
				94E61FA719E2729B009DDF39 /* Base */,
			);
			name = LaunchScreen.xib;
			sourceTree = "<group>";
		};
		94E6203119E29ACE009DDF39 /* AppiraterLocalizable.strings */ = {
			isa = PBXVariantGroup;
			children = (
				94E6203219E29ACE009DDF39 /* ar */,
				94E6203319E29ACE009DDF39 /* ca */,
				94E6203519E29ACE009DDF39 /* cs */,
				94E6203619E29ACE009DDF39 /* da */,
				94E6203719E29ACE009DDF39 /* de */,
				94E6203819E29ACE009DDF39 /* el */,
				94E6203919E29ACE009DDF39 /* en */,
				94E6203A19E29ACE009DDF39 /* es */,
				94E6203B19E29ACE009DDF39 /* fi */,
				94E6203C19E29ACE009DDF39 /* fr */,
				94E6203D19E29ACE009DDF39 /* he */,
				94E6203E19E29ACE009DDF39 /* hu */,
				94E6203F19E29ACE009DDF39 /* id */,
				94E6204019E29ACE009DDF39 /* it */,
				94E6204119E29ACE009DDF39 /* ja */,
				94E6204219E29ACE009DDF39 /* ko */,
				94E6204319E29ACE009DDF39 /* ms */,
				94E6204419E29ACE009DDF39 /* nb */,
				94E6204519E29ACE009DDF39 /* nl */,
				94E6204619E29ACE009DDF39 /* pl */,
				94E6204719E29ACE009DDF39 /* pt-BR */,
				94E6204819E29ACE009DDF39 /* pt */,
				94E6204A19E29ACE009DDF39 /* ro */,
				94E6204B19E29ACE009DDF39 /* ru */,
				94E6204C19E29ACE009DDF39 /* sk */,
				94E6204D19E29ACE009DDF39 /* sv */,
				94E6204E19E29ACE009DDF39 /* th */,
				94E6204F19E29ACE009DDF39 /* tr */,
				94E6205019E29ACE009DDF39 /* uk */,
				94E6205119E29ACE009DDF39 /* vi */,
				94E6205219E29ACE009DDF39 /* zh-Hans */,
				94E6205319E29ACE009DDF39 /* zh-Hant */,
			);
			name = AppiraterLocalizable.strings;
			sourceTree = "<group>";
		};
/* End PBXVariantGroup section */

/* Begin XCBuildConfiguration section */
		94E61FB519E2729B009DDF39 /* Debug */ = {
			isa = XCBuildConfiguration;
			buildSettings = {
				ALWAYS_SEARCH_USER_PATHS = NO;
				CLANG_CXX_LANGUAGE_STANDARD = "gnu++0x";
				CLANG_CXX_LIBRARY = "libc++";
				CLANG_ENABLE_MODULES = YES;
				CLANG_ENABLE_OBJC_ARC = YES;
				CLANG_WARN_BOOL_CONVERSION = YES;
				CLANG_WARN_CONSTANT_CONVERSION = YES;
				CLANG_WARN_DIRECT_OBJC_ISA_USAGE = YES_ERROR;
				CLANG_WARN_EMPTY_BODY = YES;
				CLANG_WARN_ENUM_CONVERSION = YES;
				CLANG_WARN_INT_CONVERSION = YES;
				CLANG_WARN_OBJC_ROOT_CLASS = YES_ERROR;
				CLANG_WARN_UNREACHABLE_CODE = YES;
				CLANG_WARN__DUPLICATE_METHOD_MATCH = YES;
				"CODE_SIGN_IDENTITY[sdk=iphoneos*]" = "iPhone Developer";
				COPY_PHASE_STRIP = NO;
				ENABLE_STRICT_OBJC_MSGSEND = YES;
				GCC_C_LANGUAGE_STANDARD = gnu99;
				GCC_DYNAMIC_NO_PIC = NO;
				GCC_OPTIMIZATION_LEVEL = 0;
				GCC_PREPROCESSOR_DEFINITIONS = (
					"DEBUG=1",
					"$(inherited)",
				);
				GCC_SYMBOLS_PRIVATE_EXTERN = NO;
				GCC_WARN_64_TO_32_BIT_CONVERSION = YES;
				GCC_WARN_ABOUT_RETURN_TYPE = YES_ERROR;
				GCC_WARN_UNDECLARED_SELECTOR = YES;
				GCC_WARN_UNINITIALIZED_AUTOS = YES_AGGRESSIVE;
				GCC_WARN_UNUSED_FUNCTION = YES;
				GCC_WARN_UNUSED_VARIABLE = YES;
				IPHONEOS_DEPLOYMENT_TARGET = 8.0;
				MTL_ENABLE_DEBUG_INFO = YES;
				ONLY_ACTIVE_ARCH = YES;
				SDKROOT = iphoneos;
				SWIFT_OPTIMIZATION_LEVEL = "-Onone";
				TARGETED_DEVICE_FAMILY = "1,2";
			};
			name = Debug;
		};
		94E61FB619E2729B009DDF39 /* Release */ = {
			isa = XCBuildConfiguration;
			buildSettings = {
				ALWAYS_SEARCH_USER_PATHS = NO;
				CLANG_CXX_LANGUAGE_STANDARD = "gnu++0x";
				CLANG_CXX_LIBRARY = "libc++";
				CLANG_ENABLE_MODULES = YES;
				CLANG_ENABLE_OBJC_ARC = YES;
				CLANG_WARN_BOOL_CONVERSION = YES;
				CLANG_WARN_CONSTANT_CONVERSION = YES;
				CLANG_WARN_DIRECT_OBJC_ISA_USAGE = YES_ERROR;
				CLANG_WARN_EMPTY_BODY = YES;
				CLANG_WARN_ENUM_CONVERSION = YES;
				CLANG_WARN_INT_CONVERSION = YES;
				CLANG_WARN_OBJC_ROOT_CLASS = YES_ERROR;
				CLANG_WARN_UNREACHABLE_CODE = YES;
				CLANG_WARN__DUPLICATE_METHOD_MATCH = YES;
				"CODE_SIGN_IDENTITY[sdk=iphoneos*]" = "iPhone Developer";
				COPY_PHASE_STRIP = YES;
				ENABLE_NS_ASSERTIONS = NO;
				ENABLE_STRICT_OBJC_MSGSEND = YES;
				GCC_C_LANGUAGE_STANDARD = gnu99;
				GCC_WARN_64_TO_32_BIT_CONVERSION = YES;
				GCC_WARN_ABOUT_RETURN_TYPE = YES_ERROR;
				GCC_WARN_UNDECLARED_SELECTOR = YES;
				GCC_WARN_UNINITIALIZED_AUTOS = YES_AGGRESSIVE;
				GCC_WARN_UNUSED_FUNCTION = YES;
				GCC_WARN_UNUSED_VARIABLE = YES;
				IPHONEOS_DEPLOYMENT_TARGET = 8.0;
				MTL_ENABLE_DEBUG_INFO = NO;
				SDKROOT = iphoneos;
				TARGETED_DEVICE_FAMILY = "1,2";
				VALIDATE_PRODUCT = YES;
			};
			name = Release;
		};
		94E61FB819E2729B009DDF39 /* Debug */ = {
			isa = XCBuildConfiguration;
			buildSettings = {
				ASSETCATALOG_COMPILER_APPICON_NAME = AppIcon;
				CLANG_ENABLE_MODULES = YES;
				INFOPLIST_FILE = Appirater/Info.plist;
				LD_RUNPATH_SEARCH_PATHS = "$(inherited) @executable_path/Frameworks";
				PRODUCT_NAME = "$(TARGET_NAME)";
				SWIFT_OBJC_BRIDGING_HEADER = "Appirater-Bridging-Header.h";
				SWIFT_OPTIMIZATION_LEVEL = "-Onone";
			};
			name = Debug;
		};
		94E61FB919E2729B009DDF39 /* Release */ = {
			isa = XCBuildConfiguration;
			buildSettings = {
				ASSETCATALOG_COMPILER_APPICON_NAME = AppIcon;
				CLANG_ENABLE_MODULES = YES;
				INFOPLIST_FILE = Appirater/Info.plist;
				LD_RUNPATH_SEARCH_PATHS = "$(inherited) @executable_path/Frameworks";
				PRODUCT_NAME = "$(TARGET_NAME)";
				SWIFT_OBJC_BRIDGING_HEADER = "Appirater-Bridging-Header.h";
			};
			name = Release;
		};
		94E61FBB19E2729B009DDF39 /* Debug */ = {
			isa = XCBuildConfiguration;
			buildSettings = {
				BUNDLE_LOADER = "$(TEST_HOST)";
				FRAMEWORK_SEARCH_PATHS = (
					"$(SDKROOT)/Developer/Library/Frameworks",
					"$(inherited)",
				);
				GCC_PREPROCESSOR_DEFINITIONS = (
					"DEBUG=1",
					"$(inherited)",
				);
				INFOPLIST_FILE = AppiraterTests/Info.plist;
				LD_RUNPATH_SEARCH_PATHS = "$(inherited) @executable_path/Frameworks @loader_path/Frameworks";
				PRODUCT_NAME = "$(TARGET_NAME)";
				TEST_HOST = "$(BUILT_PRODUCTS_DIR)/Appirater.app/Appirater";
			};
			name = Debug;
		};
		94E61FBC19E2729B009DDF39 /* Release */ = {
			isa = XCBuildConfiguration;
			buildSettings = {
				BUNDLE_LOADER = "$(TEST_HOST)";
				FRAMEWORK_SEARCH_PATHS = (
					"$(SDKROOT)/Developer/Library/Frameworks",
					"$(inherited)",
				);
				INFOPLIST_FILE = AppiraterTests/Info.plist;
				LD_RUNPATH_SEARCH_PATHS = "$(inherited) @executable_path/Frameworks @loader_path/Frameworks";
				PRODUCT_NAME = "$(TARGET_NAME)";
				TEST_HOST = "$(BUILT_PRODUCTS_DIR)/Appirater.app/Appirater";
			};
			name = Release;
		};
/* End XCBuildConfiguration section */

/* Begin XCConfigurationList section */
		94E61F9319E2729A009DDF39 /* Build configuration list for PBXProject "Appirater" */ = {
			isa = XCConfigurationList;
			buildConfigurations = (
				94E61FB519E2729B009DDF39 /* Debug */,
				94E61FB619E2729B009DDF39 /* Release */,
			);
			defaultConfigurationIsVisible = 0;
			defaultConfigurationName = Release;
		};
		94E61FB719E2729B009DDF39 /* Build configuration list for PBXNativeTarget "Appirater" */ = {
			isa = XCConfigurationList;
			buildConfigurations = (
				94E61FB819E2729B009DDF39 /* Debug */,
				94E61FB919E2729B009DDF39 /* Release */,
			);
			defaultConfigurationIsVisible = 0;
			defaultConfigurationName = Release;
		};
		94E61FBA19E2729B009DDF39 /* Build configuration list for PBXNativeTarget "AppiraterTests" */ = {
			isa = XCConfigurationList;
			buildConfigurations = (
				94E61FBB19E2729B009DDF39 /* Debug */,
				94E61FBC19E2729B009DDF39 /* Release */,
			);
			defaultConfigurationIsVisible = 0;
			defaultConfigurationName = Release;
		};
/* End XCConfigurationList section */
	};
	rootObject = 94E61F9019E2729A009DDF39 /* Project object */;
}
