// !$*UTF8*$!
{
	archiveVersion = 1;
	classes = {
	};
	objectVersion = 46;
	objects = {

/* Begin PBXBuildFile section */
		94E61F9E19E2729B009DDF39 /* AppDelegate.swift in Sources */ = {isa = PBXBuildFile; fileRef = 94E61F9D19E2729B009DDF39 /* AppDelegate.swift */; };
		94E61FA019E2729B009DDF39 /* ViewController.swift in Sources */ = {isa = PBXBuildFile; fileRef = 94E61F9F19E2729B009DDF39 /* ViewController.swift */; };
		94E61FA319E2729B009DDF39 /* Main.storyboard in Resources */ = {isa = PBXBuildFile; fileRef = 94E61FA119E2729B009DDF39 /* Main.storyboard */; };
		94E61FA519E2729B009DDF39 /* Images.xcassets in Resources */ = {isa = PBXBuildFile; fileRef = 94E61FA419E2729B009DDF39 /* Images.xcassets */; };
		94E61FA819E2729B009DDF39 /* LaunchScreen.xib in Resources */ = {isa = PBXBuildFile; fileRef = 94E61FA619E2729B009DDF39 /* LaunchScreen.xib */; };
		94E61FB419E2729B009DDF39 /* AppiraterTests.swift in Sources */ = {isa = PBXBuildFile; fileRef = 94E61FB319E2729B009DDF39 /* AppiraterTests.swift */; };
/* End PBXBuildFile section */

/* Begin PBXContainerItemProxy section */
		94E61FAE19E2729B009DDF39 /* PBXContainerItemProxy */ = {
			isa = PBXContainerItemProxy;
			containerPortal = 94E61F9019E2729A009DDF39 /* Project object */;
			proxyType = 1;
			remoteGlobalIDString = 94E61F9719E2729B009DDF39;
			remoteInfo = Appirater;
		};
/* End PBXContainerItemProxy section */

/* Begin PBXFileReference section */
		94E61F9819E2729B009DDF39 /* Appirater.app */ = {isa = PBXFileReference; explicitFileType = wrapper.application; includeInIndex = 0; path = Appirater.app; sourceTree = BUILT_PRODUCTS_DIR; };
		94E61F9C19E2729B009DDF39 /* Info.plist */ = {isa = PBXFileReference; lastKnownFileType = text.plist.xml; path = Info.plist; sourceTree = "<group>"; };
		94E61F9D19E2729B009DDF39 /* AppDelegate.swift */ = {isa = PBXFileReference; lastKnownFileType = sourcecode.swift; path = AppDelegate.swift; sourceTree = "<group>"; };
		94E61F9F19E2729B009DDF39 /* ViewController.swift */ = {isa = PBXFileReference; lastKnownFileType = sourcecode.swift; path = ViewController.swift; sourceTree = "<group>"; };
		94E61FA219E2729B009DDF39 /* Base */ = {isa = PBXFileReference; lastKnownFileType = file.storyboard; name = Base; path = Base.lproj/Main.storyboard; sourceTree = "<group>"; };
		94E61FA419E2729B009DDF39 /* Images.xcassets */ = {isa = PBXFileReference; lastKnownFileType = folder.assetcatalog; path = Images.xcassets; sourceTree = "<group>"; };
		94E61FA719E2729B009DDF39 /* Base */ = {isa = PBXFileReference; lastKnownFileType = file.xib; name = Base; path = Base.lproj/LaunchScreen.xib; sourceTree = "<group>"; };
		94E61FAD19E2729B009DDF39 /* AppiraterTests.xctest */ = {isa = PBXFileReference; explicitFileType = wrapper.cfbundle; includeInIndex = 0; path = AppiraterTests.xctest; sourceTree = BUILT_PRODUCTS_DIR; };
		94E61FB219E2729B009DDF39 /* Info.plist */ = {isa = PBXFileReference; lastKnownFileType = text.plist.xml; path = Info.plist; sourceTree = "<group>"; };
		94E61FB319E2729B009DDF39 /* AppiraterTests.swift */ = {isa = PBXFileReference; lastKnownFileType = sourcecode.swift; path = AppiraterTests.swift; sourceTree = "<group>"; };
/* End PBXFileReference section */

/* Begin PBXFrameworksBuildPhase section */
		94E61F9519E2729B009DDF39 /* Frameworks */ = {
			isa = PBXFrameworksBuildPhase;
			buildActionMask = 2147483647;
			files = (
			);
			runOnlyForDeploymentPostprocessing = 0;
		};
		94E61FAA19E2729B009DDF39 /* Frameworks */ = {
			isa = PBXFrameworksBuildPhase;
			buildActionMask = 2147483647;
			files = (
			);
			runOnlyForDeploymentPostprocessing = 0;
		};
/* End PBXFrameworksBuildPhase section */

/* Begin PBXGroup section */
		94E61F8F19E2729A009DDF39 = {
			isa = PBXGroup;
			children = (
				94E61F9A19E2729B009DDF39 /* Appirater */,
				94E61FB019E2729B009DDF39 /* AppiraterTests */,
				94E61F9919E2729B009DDF39 /* Products */,
			);
			sourceTree = "<group>";
		};
		94E61F9919E2729B009DDF39 /* Products */ = {
			isa = PBXGroup;
			children = (
				94E61F9819E2729B009DDF39 /* Appirater.app */,
				94E61FAD19E2729B009DDF39 /* AppiraterTests.xctest */,
			);
			name = Products;
			sourceTree = "<group>";
		};
		94E61F9A19E2729B009DDF39 /* Appirater */ = {
			isa = PBXGroup;
			children = (
				94E61F9D19E2729B009DDF39 /* AppDelegate.swift */,
				94E61F9F19E2729B009DDF39 /* ViewController.swift */,
				94E61FA119E2729B009DDF39 /* Main.storyboard */,
				94E61FA419E2729B009DDF39 /* Images.xcassets */,
				94E61FA619E2729B009DDF39 /* LaunchScreen.xib */,
				94E61F9B19E2729B009DDF39 /* Supporting Files */,
			);
			path = Appirater;
			sourceTree = "<group>";
		};
		94E61F9B19E2729B009DDF39 /* Supporting Files */ = {
			isa = PBXGroup;
			children = (
				94E61F9C19E2729B009DDF39 /* Info.plist */,
			);
			name = "Supporting Files";
			sourceTree = "<group>";
		};
		94E61FB019E2729B009DDF39 /* AppiraterTests */ = {
			isa = PBXGroup;
			children = (
				94E61FB319E2729B009DDF39 /* AppiraterTests.swift */,
				94E61FB119E2729B009DDF39 /* Supporting Files */,
			);
			path = AppiraterTests;
			sourceTree = "<group>";
		};
		94E61FB119E2729B009DDF39 /* Supporting Files */ = {
			isa = PBXGroup;
			children = (
				94E61FB219E2729B009DDF39 /* Info.plist */,
			);
			name = "Supporting Files";
			sourceTree = "<group>";
		};
/* End PBXGroup section */

/* Begin PBXNativeTarget section */
		94E61F9719E2729B009DDF39 /* Appirater */ = {
			isa = PBXNativeTarget;
			buildConfigurationList = 94E61FB719E2729B009DDF39 /* Build configuration list for PBXNativeTarget "Appirater" */;
			buildPhases = (
				94E61F9419E2729B009DDF39 /* Sources */,
				94E61F9519E2729B009DDF39 /* Frameworks */,
				94E61F9619E2729B009DDF39 /* Resources */,
			);
			buildRules = (
			);
			dependencies = (
			);
			name = Appirater;
			productName = Appirater;
			productReference = 94E61F9819E2729B009DDF39 /* Appirater.app */;
			productType = "com.apple.product-type.application";
		};
		94E61FAC19E2729B009DDF39 /* AppiraterTests */ = {
			isa = PBXNativeTarget;
			buildConfigurationList = 94E61FBA19E2729B009DDF39 /* Build configuration list for PBXNativeTarget "AppiraterTests" */;
			buildPhases = (
				94E61FA919E2729B009DDF39 /* Sources */,
				94E61FAA19E2729B009DDF39 /* Frameworks */,
				94E61FAB19E2729B009DDF39 /* Resources */,
			);
			buildRules = (
			);
			dependencies = (
				94E61FAF19E2729B009DDF39 /* PBXTargetDependency */,
			);
			name = AppiraterTests;
			productName = AppiraterTests;
			productReference = 94E61FAD19E2729B009DDF39 /* AppiraterTests.xctest */;
			productType = "com.apple.product-type.bundle.unit-test";
		};
/* End PBXNativeTarget section */

/* Begin PBXProject section */
		94E61F9019E2729A009DDF39 /* Project object */ = {
			isa = PBXProject;
			attributes = {
				LastUpgradeCheck = 0600;
				ORGANIZATIONNAME = Seemu;
				TargetAttributes = {
					94E61F9719E2729B009DDF39 = {
						CreatedOnToolsVersion = 6.0;
					};
					94E61FAC19E2729B009DDF39 = {
						CreatedOnToolsVersion = 6.0;
						TestTargetID = 94E61F9719E2729B009DDF39;
					};
				};
			};
			buildConfigurationList = 94E61F9319E2729A009DDF39 /* Build configuration list for PBXProject "Appirater" */;
			compatibilityVersion = "Xcode 3.2";
			developmentRegion = English;
			hasScannedForEncodings = 0;
			knownRegions = (
				en,
				Base,
			);
			mainGroup = 94E61F8F19E2729A009DDF39;
			productRefGroup = 94E61F9919E2729B009DDF39 /* Products */;
			projectDirPath = "";
			projectRoot = "";
			targets = (
				94E61F9719E2729B009DDF39 /* Appirater */,
				94E61FAC19E2729B009DDF39 /* AppiraterTests */,
			);
		};
/* End PBXProject section */

/* Begin PBXResourcesBuildPhase section */
		94E61F9619E2729B009DDF39 /* Resources */ = {
			isa = PBXResourcesBuildPhase;
			buildActionMask = 2147483647;
			files = (
				94E61FA319E2729B009DDF39 /* Main.storyboard in Resources */,
				94E61FA819E2729B009DDF39 /* LaunchScreen.xib in Resources */,
				94E61FA519E2729B009DDF39 /* Images.xcassets in Resources */,
			);
			runOnlyForDeploymentPostprocessing = 0;
		};
		94E61FAB19E2729B009DDF39 /* Resources */ = {
			isa = PBXResourcesBuildPhase;
			buildActionMask = 2147483647;
			files = (
			);
			runOnlyForDeploymentPostprocessing = 0;
		};
/* End PBXResourcesBuildPhase section */

/* Begin PBXSourcesBuildPhase section */
		94E61F9419E2729B009DDF39 /* Sources */ = {
			isa = PBXSourcesBuildPhase;
			buildActionMask = 2147483647;
			files = (
				94E61FA019E2729B009DDF39 /* ViewController.swift in Sources */,
				94E61F9E19E2729B009DDF39 /* AppDelegate.swift in Sources */,
			);
			runOnlyForDeploymentPostprocessing = 0;
		};
		94E61FA919E2729B009DDF39 /* Sources */ = {
			isa = PBXSourcesBuildPhase;
			buildActionMask = 2147483647;
			files = (
				94E61FB419E2729B009DDF39 /* AppiraterTests.swift in Sources */,
			);
			runOnlyForDeploymentPostprocessing = 0;
		};
/* End PBXSourcesBuildPhase section */

/* Begin PBXTargetDependency section */
		94E61FAF19E2729B009DDF39 /* PBXTargetDependency */ = {
			isa = PBXTargetDependency;
			target = 94E61F9719E2729B009DDF39 /* Appirater */;
			targetProxy = 94E61FAE19E2729B009DDF39 /* PBXContainerItemProxy */;
		};
/* End PBXTargetDependency section */

/* Begin PBXVariantGroup section */
		94E61FA119E2729B009DDF39 /* Main.storyboard */ = {
			isa = PBXVariantGroup;
			children = (
				94E61FA219E2729B009DDF39 /* Base */,
			);
			name = Main.storyboard;
			sourceTree = "<group>";
		};
		94E61FA619E2729B009DDF39 /* LaunchScreen.xib */ = {
			isa = PBXVariantGroup;
			children = (
				94E61FA719E2729B009DDF39 /* Base */,
			);
			name = LaunchScreen.xib;
			sourceTree = "<group>";
		};
/* End PBXVariantGroup section */

/* Begin XCBuildConfiguration section */
		94E61FB519E2729B009DDF39 /* Debug */ = {
			isa = XCBuildConfiguration;
			buildSettings = {
				ALWAYS_SEARCH_USER_PATHS = NO;
				CLANG_CXX_LANGUAGE_STANDARD = "gnu++0x";
				CLANG_CXX_LIBRARY = "libc++";
				CLANG_ENABLE_MODULES = YES;
				CLANG_ENABLE_OBJC_ARC = YES;
				CLANG_WARN_BOOL_CONVERSION = YES;
				CLANG_WARN_CONSTANT_CONVERSION = YES;
				CLANG_WARN_DIRECT_OBJC_ISA_USAGE = YES_ERROR;
				CLANG_WARN_EMPTY_BODY = YES;
				CLANG_WARN_ENUM_CONVERSION = YES;
				CLANG_WARN_INT_CONVERSION = YES;
				CLANG_WARN_OBJC_ROOT_CLASS = YES_ERROR;
				CLANG_WARN_UNREACHABLE_CODE = YES;
				CLANG_WARN__DUPLICATE_METHOD_MATCH = YES;
				"CODE_SIGN_IDENTITY[sdk=iphoneos*]" = "iPhone Developer";
				COPY_PHASE_STRIP = NO;
				ENABLE_STRICT_OBJC_MSGSEND = YES;
				GCC_C_LANGUAGE_STANDARD = gnu99;
				GCC_DYNAMIC_NO_PIC = NO;
				GCC_OPTIMIZATION_LEVEL = 0;
				GCC_PREPROCESSOR_DEFINITIONS = (
					"DEBUG=1",
					"$(inherited)",
				);
				GCC_SYMBOLS_PRIVATE_EXTERN = NO;
				GCC_WARN_64_TO_32_BIT_CONVERSION = YES;
				GCC_WARN_ABOUT_RETURN_TYPE = YES_ERROR;
				GCC_WARN_UNDECLARED_SELECTOR = YES;
				GCC_WARN_UNINITIALIZED_AUTOS = YES_AGGRESSIVE;
				GCC_WARN_UNUSED_FUNCTION = YES;
				GCC_WARN_UNUSED_VARIABLE = YES;
				IPHONEOS_DEPLOYMENT_TARGET = 8.0;
				MTL_ENABLE_DEBUG_INFO = YES;
				ONLY_ACTIVE_ARCH = YES;
				SDKROOT = iphoneos;
				SWIFT_OPTIMIZATION_LEVEL = "-Onone";
				TARGETED_DEVICE_FAMILY = "1,2";
			};
			name = Debug;
		};
		94E61FB619E2729B009DDF39 /* Release */ = {
			isa = XCBuildConfiguration;
			buildSettings = {
				ALWAYS_SEARCH_USER_PATHS = NO;
				CLANG_CXX_LANGUAGE_STANDARD = "gnu++0x";
				CLANG_CXX_LIBRARY = "libc++";
				CLANG_ENABLE_MODULES = YES;
				CLANG_ENABLE_OBJC_ARC = YES;
				CLANG_WARN_BOOL_CONVERSION = YES;
				CLANG_WARN_CONSTANT_CONVERSION = YES;
				CLANG_WARN_DIRECT_OBJC_ISA_USAGE = YES_ERROR;
				CLANG_WARN_EMPTY_BODY = YES;
				CLANG_WARN_ENUM_CONVERSION = YES;
				CLANG_WARN_INT_CONVERSION = YES;
				CLANG_WARN_OBJC_ROOT_CLASS = YES_ERROR;
				CLANG_WARN_UNREACHABLE_CODE = YES;
				CLANG_WARN__DUPLICATE_METHOD_MATCH = YES;
				"CODE_SIGN_IDENTITY[sdk=iphoneos*]" = "iPhone Developer";
				COPY_PHASE_STRIP = YES;
				ENABLE_NS_ASSERTIONS = NO;
				ENABLE_STRICT_OBJC_MSGSEND = YES;
				GCC_C_LANGUAGE_STANDARD = gnu99;
				GCC_WARN_64_TO_32_BIT_CONVERSION = YES;
				GCC_WARN_ABOUT_RETURN_TYPE = YES_ERROR;
				GCC_WARN_UNDECLARED_SELECTOR = YES;
				GCC_WARN_UNINITIALIZED_AUTOS = YES_AGGRESSIVE;
				GCC_WARN_UNUSED_FUNCTION = YES;
				GCC_WARN_UNUSED_VARIABLE = YES;
				IPHONEOS_DEPLOYMENT_TARGET = 8.0;
				MTL_ENABLE_DEBUG_INFO = NO;
				SDKROOT = iphoneos;
				TARGETED_DEVICE_FAMILY = "1,2";
				VALIDATE_PRODUCT = YES;
			};
			name = Release;
		};
		94E61FB819E2729B009DDF39 /* Debug */ = {
			isa = XCBuildConfiguration;
			buildSettings = {
				ASSETCATALOG_COMPILER_APPICON_NAME = AppIcon;
				INFOPLIST_FILE = Appirater/Info.plist;
				LD_RUNPATH_SEARCH_PATHS = "$(inherited) @executable_path/Frameworks";
				PRODUCT_NAME = "$(TARGET_NAME)";
			};
			name = Debug;
		};
		94E61FB919E2729B009DDF39 /* Release */ = {
			isa = XCBuildConfiguration;
			buildSettings = {
				ASSETCATALOG_COMPILER_APPICON_NAME = AppIcon;
				INFOPLIST_FILE = Appirater/Info.plist;
				LD_RUNPATH_SEARCH_PATHS = "$(inherited) @executable_path/Frameworks";
				PRODUCT_NAME = "$(TARGET_NAME)";
			};
			name = Release;
		};
		94E61FBB19E2729B009DDF39 /* Debug */ = {
			isa = XCBuildConfiguration;
			buildSettings = {
				BUNDLE_LOADER = "$(TEST_HOST)";
				FRAMEWORK_SEARCH_PATHS = (
					"$(SDKROOT)/Developer/Library/Frameworks",
					"$(inherited)",
				);
				GCC_PREPROCESSOR_DEFINITIONS = (
					"DEBUG=1",
					"$(inherited)",
				);
				INFOPLIST_FILE = AppiraterTests/Info.plist;
				LD_RUNPATH_SEARCH_PATHS = "$(inherited) @executable_path/Frameworks @loader_path/Frameworks";
				PRODUCT_NAME = "$(TARGET_NAME)";
				TEST_HOST = "$(BUILT_PRODUCTS_DIR)/Appirater.app/Appirater";
			};
			name = Debug;
		};
		94E61FBC19E2729B009DDF39 /* Release */ = {
			isa = XCBuildConfiguration;
			buildSettings = {
				BUNDLE_LOADER = "$(TEST_HOST)";
				FRAMEWORK_SEARCH_PATHS = (
					"$(SDKROOT)/Developer/Library/Frameworks",
					"$(inherited)",
				);
				INFOPLIST_FILE = AppiraterTests/Info.plist;
				LD_RUNPATH_SEARCH_PATHS = "$(inherited) @executable_path/Frameworks @loader_path/Frameworks";
				PRODUCT_NAME = "$(TARGET_NAME)";
				TEST_HOST = "$(BUILT_PRODUCTS_DIR)/Appirater.app/Appirater";
			};
			name = Release;
		};
/* End XCBuildConfiguration section */

/* Begin XCConfigurationList section */
		94E61F9319E2729A009DDF39 /* Build configuration list for PBXProject "Appirater" */ = {
			isa = XCConfigurationList;
			buildConfigurations = (
				94E61FB519E2729B009DDF39 /* Debug */,
				94E61FB619E2729B009DDF39 /* Release */,
			);
			defaultConfigurationIsVisible = 0;
			defaultConfigurationName = Release;
		};
		94E61FB719E2729B009DDF39 /* Build configuration list for PBXNativeTarget "Appirater" */ = {
			isa = XCConfigurationList;
			buildConfigurations = (
				94E61FB819E2729B009DDF39 /* Debug */,
				94E61FB919E2729B009DDF39 /* Release */,
			);
			defaultConfigurationIsVisible = 0;
		};
		94E61FBA19E2729B009DDF39 /* Build configuration list for PBXNativeTarget "AppiraterTests" */ = {
			isa = XCConfigurationList;
			buildConfigurations = (
				94E61FBB19E2729B009DDF39 /* Debug */,
				94E61FBC19E2729B009DDF39 /* Release */,
			);
			defaultConfigurationIsVisible = 0;
		};
/* End XCConfigurationList section */
	};
	rootObject = 94E61F9019E2729A009DDF39 /* Project object */;
}
